
Microsoft Visual Studio Solution File, Format Version 12.00
# Visual Studio Version 17
VisualStudioVersion = 17.4.33103.184
MinimumVisualStudioVersion = 10.0.40219.1
Project("{9A19103F-16F7-4668-BE54-9A1E7A4F7556}") = "MongodbRepository", "MongodbRepository\MongodbRepository.csproj", "{A93431D5-E207-4EBE-8873-9C773D5A59CF}"
EndProject
Global
	GlobalSection(SolutionConfigurationPlatforms) = preSolution
		Debug|Any CPU = Debug|Any CPU
		Release|Any CPU = Release|Any CPU
	EndGlobalSection
	GlobalSection(ProjectConfigurationPlatforms) = postSolution
		{A93431D5-E207-4EBE-8873-9C773D5A59CF}.Debug|Any CPU.ActiveCfg = Debug|Any CPU
		{A93431D5-E207-4EBE-8873-9C773D5A59CF}.Debug|Any CPU.Build.0 = Debug|Any CPU
		{A93431D5-E207-4EBE-8873-9C773D5A59CF}.Release|Any CPU.ActiveCfg = Release|Any CPU
		{A93431D5-E207-4EBE-8873-9C773D5A59CF}.Release|Any CPU.Build.0 = Release|Any CPU
	EndGlobalSection
	GlobalSection(SolutionProperties) = preSolution
		HideSolutionNode = FALSE
	EndGlobalSection
	GlobalSection(ExtensibilityGlobals) = postSolution
		SolutionGuid = {C423E5F2-9974-4774-B90A-742B98F1EA48}
	EndGlobalSection
EndGlobal
